
Microsoft Visual Studio Solution File, Format Version 12.00
# Visual Studio 2012
Project("{FAE04EC0-301F-11D3-BF4B-00C04F79EFBC}") = "RepositoryStumble.iOS", "RepositoryStumble.iOS\RepositoryStumble.iOS.csproj", "{CA36F069-2A63-4D83-AB5B-224AD5A1FCE6}"
EndProject
Project("{FAE04EC0-301F-11D3-BF4B-00C04F79EFBC}") = "RepositoryStumble.Core", "RepositoryStumble.Core\RepositoryStumble.Core.csproj", "{75D603EC-906D-4D19-BC31-47BC6BA7394A}"
EndProject
Global
	GlobalSection(SolutionConfigurationPlatforms) = preSolution
		Ad-Hoc|iPhone = Ad-Hoc|iPhone
		Ad-Hoc|iPhoneSimulator = Ad-Hoc|iPhoneSimulator
		AppStore|iPhone = AppStore|iPhone
		AppStore|iPhoneSimulator = AppStore|iPhoneSimulator
		Debug|iPhone = Debug|iPhone
		Debug|iPhoneSimulator = Debug|iPhoneSimulator
		Release|iPhone = Release|iPhone
		Release|iPhoneSimulator = Release|iPhoneSimulator
	EndGlobalSection
	GlobalSection(ProjectConfigurationPlatforms) = postSolution
		{75D603EC-906D-4D19-BC31-47BC6BA7394A}.Ad-Hoc|iPhone.ActiveCfg = Release|Any CPU
		{75D603EC-906D-4D19-BC31-47BC6BA7394A}.Ad-Hoc|iPhone.Build.0 = Release|Any CPU
		{75D603EC-906D-4D19-BC31-47BC6BA7394A}.Ad-Hoc|iPhoneSimulator.ActiveCfg = Debug|Any CPU
		{75D603EC-906D-4D19-BC31-47BC6BA7394A}.Ad-Hoc|iPhoneSimulator.Build.0 = Debug|Any CPU
		{75D603EC-906D-4D19-BC31-47BC6BA7394A}.AppStore|iPhone.ActiveCfg = Release|Any CPU
		{75D603EC-906D-4D19-BC31-47BC6BA7394A}.AppStore|iPhone.Build.0 = Release|Any CPU
		{75D603EC-906D-4D19-BC31-47BC6BA7394A}.AppStore|iPhoneSimulator.ActiveCfg = Debug|Any CPU
		{75D603EC-906D-4D19-BC31-47BC6BA7394A}.AppStore|iPhoneSimulator.Build.0 = Debug|Any CPU
		{75D603EC-906D-4D19-BC31-47BC6BA7394A}.Debug|iPhone.ActiveCfg = Debug|Any CPU
		{75D603EC-906D-4D19-BC31-47BC6BA7394A}.Debug|iPhone.Build.0 = Debug|Any CPU
		{75D603EC-906D-4D19-BC31-47BC6BA7394A}.Debug|iPhoneSimulator.ActiveCfg = Debug|Any CPU
		{75D603EC-906D-4D19-BC31-47BC6BA7394A}.Debug|iPhoneSimulator.Build.0 = Debug|Any CPU
		{75D603EC-906D-4D19-BC31-47BC6BA7394A}.Release|iPhone.ActiveCfg = Release|Any CPU
		{75D603EC-906D-4D19-BC31-47BC6BA7394A}.Release|iPhone.Build.0 = Release|Any CPU
		{75D603EC-906D-4D19-BC31-47BC6BA7394A}.Release|iPhoneSimulator.ActiveCfg = Release|Any CPU
		{75D603EC-906D-4D19-BC31-47BC6BA7394A}.Release|iPhoneSimulator.Build.0 = Release|Any CPU
		{CA36F069-2A63-4D83-AB5B-224AD5A1FCE6}.Ad-Hoc|iPhone.ActiveCfg = Ad-Hoc|iPhone
		{CA36F069-2A63-4D83-AB5B-224AD5A1FCE6}.Ad-Hoc|iPhone.Build.0 = Ad-Hoc|iPhone
		{CA36F069-2A63-4D83-AB5B-224AD5A1FCE6}.Ad-Hoc|iPhoneSimulator.ActiveCfg = Debug|iPhoneSimulator
		{CA36F069-2A63-4D83-AB5B-224AD5A1FCE6}.Ad-Hoc|iPhoneSimulator.Build.0 = Debug|iPhoneSimulator
		{CA36F069-2A63-4D83-AB5B-224AD5A1FCE6}.AppStore|iPhone.ActiveCfg = AppStore|iPhone
		{CA36F069-2A63-4D83-AB5B-224AD5A1FCE6}.AppStore|iPhone.Build.0 = AppStore|iPhone
		{CA36F069-2A63-4D83-AB5B-224AD5A1FCE6}.AppStore|iPhoneSimulator.ActiveCfg = Debug|iPhoneSimulator
		{CA36F069-2A63-4D83-AB5B-224AD5A1FCE6}.AppStore|iPhoneSimulator.Build.0 = Debug|iPhoneSimulator
		{CA36F069-2A63-4D83-AB5B-224AD5A1FCE6}.Debug|iPhone.ActiveCfg = Debug|iPhone
		{CA36F069-2A63-4D83-AB5B-224AD5A1FCE6}.Debug|iPhone.Build.0 = Debug|iPhone
		{CA36F069-2A63-4D83-AB5B-224AD5A1FCE6}.Debug|iPhoneSimulator.ActiveCfg = Debug|iPhoneSimulator
		{CA36F069-2A63-4D83-AB5B-224AD5A1FCE6}.Debug|iPhoneSimulator.Build.0 = Debug|iPhoneSimulator
		{CA36F069-2A63-4D83-AB5B-224AD5A1FCE6}.Debug|iPhoneSimulator.Deploy.0 = Debug|iPhoneSimulator
		{CA36F069-2A63-4D83-AB5B-224AD5A1FCE6}.Release|iPhone.ActiveCfg = Release|iPhone
		{CA36F069-2A63-4D83-AB5B-224AD5A1FCE6}.Release|iPhone.Build.0 = Release|iPhone
		{CA36F069-2A63-4D83-AB5B-224AD5A1FCE6}.Release|iPhoneSimulator.ActiveCfg = Release|iPhoneSimulator
		{CA36F069-2A63-4D83-AB5B-224AD5A1FCE6}.Release|iPhoneSimulator.Build.0 = Release|iPhoneSimulator
	EndGlobalSection
	GlobalSection(MonoDevelopProperties) = preSolution
		StartupItem = RepositoryStumble.iOS\RepositoryStumble.iOS.csproj
		Policies = $0
		$0.DotNetNamingPolicy = $1
		$1.DirectoryNamespaceAssociation = PrefixedHierarchical
		$1.ResourceNamePolicy = FileFormatDefault
	EndGlobalSection
	GlobalSection(SolutionProperties) = preSolution
		HideSolutionNode = FALSE
	EndGlobalSection
EndGlobal
