
Microsoft Visual Studio Solution File, Format Version 12.00
# Visual Studio 2012
Project("{FAE04EC0-301F-11D3-BF4B-00C04F79EFBC}") = "RepositoryStumble.iOS", "RepositoryStumble.iOS\RepositoryStumble.iOS.csproj", "{CA36F069-2A63-4D83-AB5B-224AD5A1FCE6}"
EndProject
Project("{FAE04EC0-301F-11D3-BF4B-00C04F79EFBC}") = "RepositoryStumble.Core", "RepositoryStumble.Core\RepositoryStumble.Core.csproj", "{75D603EC-906D-4D19-BC31-47BC6BA7394A}"
EndProject
Project("{2150E333-8FDC-42A3-9474-1A3956D46DE8}") = "Lib", "Lib", "{9F9B2C52-012A-4655-B8CC-872CC11D04C2}"
EndProject
Project("{FAE04EC0-301F-11D3-BF4B-00C04F79EFBC}") = "GitHubSharp.MonoTouch", "lib\GitHubSharp\GitHubSharp.MonoTouch.csproj", "{89E14828-85BB-4790-9B4E-E44DD4CE000E}"
EndProject
Project("{FAE04EC0-301F-11D3-BF4B-00C04F79EFBC}") = "MonoTouch.Dialog", "lib\MonoTouch.Dialog\MonoTouch.Dialog\MonoTouch.Dialog.csproj", "{3FFBFFF8-5560-4EDE-82E5-3FFDFBBA8A50}"
EndProject
Project("{FAE04EC0-301F-11D3-BF4B-00C04F79EFBC}") = "Xamarin.Utilities.Core.iOS", "lib\Xamarin.Utilities\Xamarin.Utilities.Core\Xamarin.Utilities.Core.iOS.csproj", "{EBBA1BD0-8430-4CC1-B636-B89C505C7D1C}"
EndProject
Project("{FAE04EC0-301F-11D3-BF4B-00C04F79EFBC}") = "Xamarin.Utilities.iOS", "lib\Xamarin.Utilities\Xamarin.Utilities.iOS\Xamarin.Utilities.iOS.csproj", "{5E7E39CA-0CCE-41FE-A868-EE0E567E069E}"
EndProject
Global
	GlobalSection(SolutionConfigurationPlatforms) = preSolution
		AdHoc|iPhone = AdHoc|iPhone
		Ad-Hoc|iPhone = Ad-Hoc|iPhone
		AdHoc|iPhoneSimulator = AdHoc|iPhoneSimulator
		Ad-Hoc|iPhoneSimulator = Ad-Hoc|iPhoneSimulator
		AppStore|iPhone = AppStore|iPhone
		AppStore|iPhoneSimulator = AppStore|iPhoneSimulator
		Debug|iPhone = Debug|iPhone
		Debug|iPhoneSimulator = Debug|iPhoneSimulator
		Release|iPhone = Release|iPhone
		Release|iPhoneSimulator = Release|iPhoneSimulator
	EndGlobalSection
	GlobalSection(ProjectConfigurationPlatforms) = postSolution
		{CA36F069-2A63-4D83-AB5B-224AD5A1FCE6}.AdHoc|iPhone.ActiveCfg = Debug|iPhone
		{CA36F069-2A63-4D83-AB5B-224AD5A1FCE6}.AdHoc|iPhone.Build.0 = Debug|iPhone
		{CA36F069-2A63-4D83-AB5B-224AD5A1FCE6}.Ad-Hoc|iPhone.ActiveCfg = Ad-Hoc|iPhone
		{CA36F069-2A63-4D83-AB5B-224AD5A1FCE6}.Ad-Hoc|iPhone.Build.0 = Ad-Hoc|iPhone
		{CA36F069-2A63-4D83-AB5B-224AD5A1FCE6}.AdHoc|iPhoneSimulator.ActiveCfg = Debug|iPhoneSimulator
		{CA36F069-2A63-4D83-AB5B-224AD5A1FCE6}.AdHoc|iPhoneSimulator.Build.0 = Debug|iPhoneSimulator
		{CA36F069-2A63-4D83-AB5B-224AD5A1FCE6}.Ad-Hoc|iPhoneSimulator.ActiveCfg = Debug|iPhoneSimulator
		{CA36F069-2A63-4D83-AB5B-224AD5A1FCE6}.Ad-Hoc|iPhoneSimulator.Build.0 = Debug|iPhoneSimulator
		{CA36F069-2A63-4D83-AB5B-224AD5A1FCE6}.AppStore|iPhone.ActiveCfg = AppStore|iPhone
		{CA36F069-2A63-4D83-AB5B-224AD5A1FCE6}.AppStore|iPhone.Build.0 = AppStore|iPhone
		{CA36F069-2A63-4D83-AB5B-224AD5A1FCE6}.AppStore|iPhoneSimulator.ActiveCfg = Debug|iPhoneSimulator
		{CA36F069-2A63-4D83-AB5B-224AD5A1FCE6}.AppStore|iPhoneSimulator.Build.0 = Debug|iPhoneSimulator
		{CA36F069-2A63-4D83-AB5B-224AD5A1FCE6}.Debug|iPhone.ActiveCfg = Debug|iPhone
		{CA36F069-2A63-4D83-AB5B-224AD5A1FCE6}.Debug|iPhone.Build.0 = Debug|iPhone
		{CA36F069-2A63-4D83-AB5B-224AD5A1FCE6}.Debug|iPhoneSimulator.ActiveCfg = Debug|iPhoneSimulator
		{CA36F069-2A63-4D83-AB5B-224AD5A1FCE6}.Debug|iPhoneSimulator.Build.0 = Debug|iPhoneSimulator
		{CA36F069-2A63-4D83-AB5B-224AD5A1FCE6}.Debug|iPhoneSimulator.Deploy.0 = Debug|iPhoneSimulator
		{CA36F069-2A63-4D83-AB5B-224AD5A1FCE6}.Release|iPhone.ActiveCfg = Release|iPhone
		{CA36F069-2A63-4D83-AB5B-224AD5A1FCE6}.Release|iPhone.Build.0 = Release|iPhone
		{CA36F069-2A63-4D83-AB5B-224AD5A1FCE6}.Release|iPhoneSimulator.ActiveCfg = Release|iPhoneSimulator
		{CA36F069-2A63-4D83-AB5B-224AD5A1FCE6}.Release|iPhoneSimulator.Build.0 = Release|iPhoneSimulator
		{75D603EC-906D-4D19-BC31-47BC6BA7394A}.AdHoc|iPhone.ActiveCfg = Debug|Any CPU
		{75D603EC-906D-4D19-BC31-47BC6BA7394A}.AdHoc|iPhone.Build.0 = Debug|Any CPU
		{75D603EC-906D-4D19-BC31-47BC6BA7394A}.Ad-Hoc|iPhone.ActiveCfg = Release|Any CPU
		{75D603EC-906D-4D19-BC31-47BC6BA7394A}.Ad-Hoc|iPhone.Build.0 = Release|Any CPU
		{75D603EC-906D-4D19-BC31-47BC6BA7394A}.AdHoc|iPhoneSimulator.ActiveCfg = Debug|Any CPU
		{75D603EC-906D-4D19-BC31-47BC6BA7394A}.AdHoc|iPhoneSimulator.Build.0 = Debug|Any CPU
		{75D603EC-906D-4D19-BC31-47BC6BA7394A}.Ad-Hoc|iPhoneSimulator.ActiveCfg = Debug|Any CPU
		{75D603EC-906D-4D19-BC31-47BC6BA7394A}.Ad-Hoc|iPhoneSimulator.Build.0 = Debug|Any CPU
		{75D603EC-906D-4D19-BC31-47BC6BA7394A}.AppStore|iPhone.ActiveCfg = Release|Any CPU
		{75D603EC-906D-4D19-BC31-47BC6BA7394A}.AppStore|iPhone.Build.0 = Release|Any CPU
		{75D603EC-906D-4D19-BC31-47BC6BA7394A}.AppStore|iPhoneSimulator.ActiveCfg = Debug|Any CPU
		{75D603EC-906D-4D19-BC31-47BC6BA7394A}.AppStore|iPhoneSimulator.Build.0 = Debug|Any CPU
		{75D603EC-906D-4D19-BC31-47BC6BA7394A}.Debug|iPhone.ActiveCfg = Debug|Any CPU
		{75D603EC-906D-4D19-BC31-47BC6BA7394A}.Debug|iPhone.Build.0 = Debug|Any CPU
		{75D603EC-906D-4D19-BC31-47BC6BA7394A}.Debug|iPhoneSimulator.ActiveCfg = Debug|Any CPU
		{75D603EC-906D-4D19-BC31-47BC6BA7394A}.Debug|iPhoneSimulator.Build.0 = Debug|Any CPU
		{75D603EC-906D-4D19-BC31-47BC6BA7394A}.Release|iPhone.ActiveCfg = Release|Any CPU
		{75D603EC-906D-4D19-BC31-47BC6BA7394A}.Release|iPhone.Build.0 = Release|Any CPU
		{75D603EC-906D-4D19-BC31-47BC6BA7394A}.Release|iPhoneSimulator.ActiveCfg = Release|Any CPU
		{75D603EC-906D-4D19-BC31-47BC6BA7394A}.Release|iPhoneSimulator.Build.0 = Release|Any CPU
		{89E14828-85BB-4790-9B4E-E44DD4CE000E}.AdHoc|iPhone.ActiveCfg = Debug|Any CPU
		{89E14828-85BB-4790-9B4E-E44DD4CE000E}.AdHoc|iPhone.Build.0 = Debug|Any CPU
		{89E14828-85BB-4790-9B4E-E44DD4CE000E}.Ad-Hoc|iPhone.ActiveCfg = Release|Any CPU
		{89E14828-85BB-4790-9B4E-E44DD4CE000E}.Ad-Hoc|iPhone.Build.0 = Release|Any CPU
		{89E14828-85BB-4790-9B4E-E44DD4CE000E}.AdHoc|iPhoneSimulator.ActiveCfg = Debug|Any CPU
		{89E14828-85BB-4790-9B4E-E44DD4CE000E}.AdHoc|iPhoneSimulator.Build.0 = Debug|Any CPU
		{89E14828-85BB-4790-9B4E-E44DD4CE000E}.Ad-Hoc|iPhoneSimulator.ActiveCfg = Debug|Any CPU
		{89E14828-85BB-4790-9B4E-E44DD4CE000E}.Ad-Hoc|iPhoneSimulator.Build.0 = Debug|Any CPU
		{89E14828-85BB-4790-9B4E-E44DD4CE000E}.AppStore|iPhone.ActiveCfg = Release|Any CPU
		{89E14828-85BB-4790-9B4E-E44DD4CE000E}.AppStore|iPhone.Build.0 = Release|Any CPU
		{89E14828-85BB-4790-9B4E-E44DD4CE000E}.AppStore|iPhoneSimulator.ActiveCfg = Debug|Any CPU
		{89E14828-85BB-4790-9B4E-E44DD4CE000E}.AppStore|iPhoneSimulator.Build.0 = Debug|Any CPU
		{89E14828-85BB-4790-9B4E-E44DD4CE000E}.Debug|iPhone.ActiveCfg = Debug|Any CPU
		{89E14828-85BB-4790-9B4E-E44DD4CE000E}.Debug|iPhone.Build.0 = Debug|Any CPU
		{89E14828-85BB-4790-9B4E-E44DD4CE000E}.Debug|iPhoneSimulator.ActiveCfg = Debug|Any CPU
		{89E14828-85BB-4790-9B4E-E44DD4CE000E}.Debug|iPhoneSimulator.Build.0 = Debug|Any CPU
		{89E14828-85BB-4790-9B4E-E44DD4CE000E}.Release|iPhone.ActiveCfg = Release|Any CPU
		{89E14828-85BB-4790-9B4E-E44DD4CE000E}.Release|iPhone.Build.0 = Release|Any CPU
		{89E14828-85BB-4790-9B4E-E44DD4CE000E}.Release|iPhoneSimulator.ActiveCfg = Release|Any CPU
		{89E14828-85BB-4790-9B4E-E44DD4CE000E}.Release|iPhoneSimulator.Build.0 = Release|Any CPU
		{3FFBFFF8-5560-4EDE-82E5-3FFDFBBA8A50}.AdHoc|iPhone.ActiveCfg = Ad-Hoc|iPhone
		{3FFBFFF8-5560-4EDE-82E5-3FFDFBBA8A50}.AdHoc|iPhone.Build.0 = Ad-Hoc|iPhone
		{3FFBFFF8-5560-4EDE-82E5-3FFDFBBA8A50}.Ad-Hoc|iPhone.ActiveCfg = Release|iPhone
		{3FFBFFF8-5560-4EDE-82E5-3FFDFBBA8A50}.Ad-Hoc|iPhone.Build.0 = Release|iPhone
		{3FFBFFF8-5560-4EDE-82E5-3FFDFBBA8A50}.AdHoc|iPhoneSimulator.ActiveCfg = Ad-Hoc|iPhoneSimulator
		{3FFBFFF8-5560-4EDE-82E5-3FFDFBBA8A50}.AdHoc|iPhoneSimulator.Build.0 = Ad-Hoc|iPhoneSimulator
		{3FFBFFF8-5560-4EDE-82E5-3FFDFBBA8A50}.Ad-Hoc|iPhoneSimulator.ActiveCfg = Ad-Hoc|iPhoneSimulator
		{3FFBFFF8-5560-4EDE-82E5-3FFDFBBA8A50}.Ad-Hoc|iPhoneSimulator.Build.0 = Ad-Hoc|iPhoneSimulator
		{3FFBFFF8-5560-4EDE-82E5-3FFDFBBA8A50}.AppStore|iPhone.ActiveCfg = AppStore|iPhone
		{3FFBFFF8-5560-4EDE-82E5-3FFDFBBA8A50}.AppStore|iPhone.Build.0 = AppStore|iPhone
		{3FFBFFF8-5560-4EDE-82E5-3FFDFBBA8A50}.AppStore|iPhoneSimulator.ActiveCfg = AppStore|iPhoneSimulator
		{3FFBFFF8-5560-4EDE-82E5-3FFDFBBA8A50}.AppStore|iPhoneSimulator.Build.0 = AppStore|iPhoneSimulator
		{3FFBFFF8-5560-4EDE-82E5-3FFDFBBA8A50}.Debug|iPhone.ActiveCfg = Debug|iPhone
		{3FFBFFF8-5560-4EDE-82E5-3FFDFBBA8A50}.Debug|iPhone.Build.0 = Debug|iPhone
		{3FFBFFF8-5560-4EDE-82E5-3FFDFBBA8A50}.Debug|iPhoneSimulator.ActiveCfg = Debug|iPhoneSimulator
		{3FFBFFF8-5560-4EDE-82E5-3FFDFBBA8A50}.Debug|iPhoneSimulator.Build.0 = Debug|iPhoneSimulator
		{3FFBFFF8-5560-4EDE-82E5-3FFDFBBA8A50}.Release|iPhone.ActiveCfg = Release|iPhone
		{3FFBFFF8-5560-4EDE-82E5-3FFDFBBA8A50}.Release|iPhone.Build.0 = Release|iPhone
		{3FFBFFF8-5560-4EDE-82E5-3FFDFBBA8A50}.Release|iPhoneSimulator.ActiveCfg = Release|iPhoneSimulator
		{3FFBFFF8-5560-4EDE-82E5-3FFDFBBA8A50}.Release|iPhoneSimulator.Build.0 = Release|iPhoneSimulator
		{EBBA1BD0-8430-4CC1-B636-B89C505C7D1C}.AdHoc|iPhone.ActiveCfg = Debug|Any CPU
		{EBBA1BD0-8430-4CC1-B636-B89C505C7D1C}.AdHoc|iPhone.Build.0 = Debug|Any CPU
		{EBBA1BD0-8430-4CC1-B636-B89C505C7D1C}.Ad-Hoc|iPhone.ActiveCfg = Release|Any CPU
		{EBBA1BD0-8430-4CC1-B636-B89C505C7D1C}.Ad-Hoc|iPhone.Build.0 = Release|Any CPU
		{EBBA1BD0-8430-4CC1-B636-B89C505C7D1C}.AdHoc|iPhoneSimulator.ActiveCfg = Debug|Any CPU
		{EBBA1BD0-8430-4CC1-B636-B89C505C7D1C}.AdHoc|iPhoneSimulator.Build.0 = Debug|Any CPU
		{EBBA1BD0-8430-4CC1-B636-B89C505C7D1C}.Ad-Hoc|iPhoneSimulator.ActiveCfg = Debug|Any CPU
		{EBBA1BD0-8430-4CC1-B636-B89C505C7D1C}.Ad-Hoc|iPhoneSimulator.Build.0 = Debug|Any CPU
		{EBBA1BD0-8430-4CC1-B636-B89C505C7D1C}.AppStore|iPhone.ActiveCfg = Release|Any CPU
		{EBBA1BD0-8430-4CC1-B636-B89C505C7D1C}.AppStore|iPhone.Build.0 = Release|Any CPU
		{EBBA1BD0-8430-4CC1-B636-B89C505C7D1C}.AppStore|iPhoneSimulator.ActiveCfg = Debug|Any CPU
		{EBBA1BD0-8430-4CC1-B636-B89C505C7D1C}.AppStore|iPhoneSimulator.Build.0 = Debug|Any CPU
		{EBBA1BD0-8430-4CC1-B636-B89C505C7D1C}.Debug|iPhone.ActiveCfg = Debug|Any CPU
		{EBBA1BD0-8430-4CC1-B636-B89C505C7D1C}.Debug|iPhone.Build.0 = Debug|Any CPU
		{EBBA1BD0-8430-4CC1-B636-B89C505C7D1C}.Debug|iPhoneSimulator.ActiveCfg = Debug|Any CPU
		{EBBA1BD0-8430-4CC1-B636-B89C505C7D1C}.Debug|iPhoneSimulator.Build.0 = Debug|Any CPU
		{EBBA1BD0-8430-4CC1-B636-B89C505C7D1C}.Release|iPhone.ActiveCfg = Release|Any CPU
		{EBBA1BD0-8430-4CC1-B636-B89C505C7D1C}.Release|iPhone.Build.0 = Release|Any CPU
		{EBBA1BD0-8430-4CC1-B636-B89C505C7D1C}.Release|iPhoneSimulator.ActiveCfg = Release|Any CPU
		{EBBA1BD0-8430-4CC1-B636-B89C505C7D1C}.Release|iPhoneSimulator.Build.0 = Release|Any CPU
		{5E7E39CA-0CCE-41FE-A868-EE0E567E069E}.AdHoc|iPhone.ActiveCfg = Debug|Any CPU
		{5E7E39CA-0CCE-41FE-A868-EE0E567E069E}.AdHoc|iPhone.Build.0 = Debug|Any CPU
		{5E7E39CA-0CCE-41FE-A868-EE0E567E069E}.Ad-Hoc|iPhone.ActiveCfg = Release|Any CPU
		{5E7E39CA-0CCE-41FE-A868-EE0E567E069E}.Ad-Hoc|iPhone.Build.0 = Release|Any CPU
		{5E7E39CA-0CCE-41FE-A868-EE0E567E069E}.AdHoc|iPhoneSimulator.ActiveCfg = Debug|Any CPU
		{5E7E39CA-0CCE-41FE-A868-EE0E567E069E}.AdHoc|iPhoneSimulator.Build.0 = Debug|Any CPU
		{5E7E39CA-0CCE-41FE-A868-EE0E567E069E}.Ad-Hoc|iPhoneSimulator.ActiveCfg = Debug|Any CPU
		{5E7E39CA-0CCE-41FE-A868-EE0E567E069E}.Ad-Hoc|iPhoneSimulator.Build.0 = Debug|Any CPU
		{5E7E39CA-0CCE-41FE-A868-EE0E567E069E}.AppStore|iPhone.ActiveCfg = Release|Any CPU
		{5E7E39CA-0CCE-41FE-A868-EE0E567E069E}.AppStore|iPhone.Build.0 = Release|Any CPU
		{5E7E39CA-0CCE-41FE-A868-EE0E567E069E}.AppStore|iPhoneSimulator.ActiveCfg = Debug|Any CPU
		{5E7E39CA-0CCE-41FE-A868-EE0E567E069E}.AppStore|iPhoneSimulator.Build.0 = Debug|Any CPU
		{5E7E39CA-0CCE-41FE-A868-EE0E567E069E}.Debug|iPhone.ActiveCfg = Debug|Any CPU
		{5E7E39CA-0CCE-41FE-A868-EE0E567E069E}.Debug|iPhone.Build.0 = Debug|Any CPU
		{5E7E39CA-0CCE-41FE-A868-EE0E567E069E}.Debug|iPhoneSimulator.ActiveCfg = Debug|Any CPU
		{5E7E39CA-0CCE-41FE-A868-EE0E567E069E}.Debug|iPhoneSimulator.Build.0 = Debug|Any CPU
		{5E7E39CA-0CCE-41FE-A868-EE0E567E069E}.Release|iPhone.ActiveCfg = Release|Any CPU
		{5E7E39CA-0CCE-41FE-A868-EE0E567E069E}.Release|iPhone.Build.0 = Release|Any CPU
		{5E7E39CA-0CCE-41FE-A868-EE0E567E069E}.Release|iPhoneSimulator.ActiveCfg = Release|Any CPU
		{5E7E39CA-0CCE-41FE-A868-EE0E567E069E}.Release|iPhoneSimulator.Build.0 = Release|Any CPU
	EndGlobalSection
	GlobalSection(SolutionProperties) = preSolution
		HideSolutionNode = FALSE
	EndGlobalSection
	GlobalSection(NestedProjects) = preSolution
		{89E14828-85BB-4790-9B4E-E44DD4CE000E} = {9F9B2C52-012A-4655-B8CC-872CC11D04C2}
		{3FFBFFF8-5560-4EDE-82E5-3FFDFBBA8A50} = {9F9B2C52-012A-4655-B8CC-872CC11D04C2}
		{EBBA1BD0-8430-4CC1-B636-B89C505C7D1C} = {9F9B2C52-012A-4655-B8CC-872CC11D04C2}
		{5E7E39CA-0CCE-41FE-A868-EE0E567E069E} = {9F9B2C52-012A-4655-B8CC-872CC11D04C2}
	EndGlobalSection
	GlobalSection(MonoDevelopProperties) = preSolution
		StartupItem = RepositoryStumble.iOS\RepositoryStumble.iOS.csproj
		Policies = $0
		$0.DotNetNamingPolicy = $1
		$1.DirectoryNamespaceAssociation = PrefixedHierarchical
		$1.ResourceNamePolicy = FileFormatDefault
	EndGlobalSection
EndGlobal
