
Microsoft Visual Studio Solution File, Format Version 12.00
# Visual Studio 2012
Project("{FAE04EC0-301F-11D3-BF4B-00C04F79EFBC}") = "RepositoryStumble.iOS", "RepositoryStumble.iOS\RepositoryStumble.iOS.csproj", "{CA36F069-2A63-4D83-AB5B-224AD5A1FCE6}"
EndProject
Project("{FAE04EC0-301F-11D3-BF4B-00C04F79EFBC}") = "RepositoryStumble.Core", "RepositoryStumble.Core\RepositoryStumble.Core.csproj", "{75D603EC-906D-4D19-BC31-47BC6BA7394A}"
EndProject
Global
	GlobalSection(SolutionConfigurationPlatforms) = preSolution
		Ad-Hoc|iPhone = Ad-Hoc|iPhone
		Ad-Hoc|iPhoneSimulator = Ad-Hoc|iPhoneSimulator
		AppStore|iPhone = AppStore|iPhone
		AppStore|iPhoneSimulator = AppStore|iPhoneSimulator
		Debug|iPhone = Debug|iPhone
		Debug|iPhoneSimulator = Debug|iPhoneSimulator
		Release|iPhone = Release|iPhone
		Release|iPhoneSimulator = Release|iPhoneSimulator
	EndGlobalSection
	GlobalSection(ProjectConfigurationPlatforms) = postSolution
		{75D603EC-906D-4D19-BC31-47BC6BA7394A}.Ad-Hoc|iPhone.ActiveCfg = Release|Any CPU
		{75D603EC-906D-4D19-BC31-47BC6BA7394A}.Ad-Hoc|iPhone.Build.0 = Release|Any CPU
		{75D603EC-906D-4D19-BC31-47BC6BA7394A}.Ad-Hoc|iPhoneSimulator.ActiveCfg = Debug|Any CPU
		{75D603EC-906D-4D19-BC31-47BC6BA7394A}.Ad-Hoc|iPhoneSimulator.Build.0 = Debug|Any CPU
		{75D603EC-906D-4D19-BC31-47BC6BA7394A}.AppStore|iPhone.ActiveCfg = Release|Any CPU
		{75D603EC-906D-4D19-BC31-47BC6BA7394A}.AppStore|iPhone.Build.0 = Release|Any CPU
		{75D603EC-906D-4D19-BC31-47BC6BA7394A}.AppStore|iPhoneSimulator.ActiveCfg = Debug|Any CPU
		{75D603EC-906D-4D19-BC31-47BC6BA7394A}.AppStore|iPhoneSimulator.Build.0 = Debug|Any CPU
		{75D603EC-906D-4D19-BC31-47BC6BA7394A}.Debug|iPhone.ActiveCfg = Debug|Any CPU
		{75D603EC-906D-4D19-BC31-47BC6BA7394A}.Debug|iPhone.Build.0 = Debug|Any CPU
		{75D603EC-906D-4D19-BC31-47BC6BA7394A}.Debug|iPhoneSimulator.ActiveCfg = Debug|Any CPU
		{75D603EC-906D-4D19-BC31-47BC6BA7394A}.Debug|iPhoneSimulator.Build.0 = Debug|Any CPU
		{75D603EC-906D-4D19-BC31-47BC6BA7394A}.Release|iPhone.ActiveCfg = Release|Any CPU
		{75D603EC-906D-4D19-BC31-47BC6BA7394A}.Release|iPhone.Build.0 = Release|Any CPU
		{75D603EC-906D-4D19-BC31-47BC6BA7394A}.Release|iPhoneSimulator.ActiveCfg = Release|Any CPU
		{75D603EC-906D-4D19-BC31-47BC6BA7394A}.Release|iPhoneSimulator.Build.0 = Release|Any CPU
		{CA36F069-2A63-4D83-AB5B-224AD5A1FCE6}.Ad-Hoc|iPhone.ActiveCfg = Ad-Hoc|iPhone
		{CA36F069-2A63-4D83-AB5B-224AD5A1FCE6}.Ad-Hoc|iPhone.Build.0 = Ad-Hoc|iPhone
		{CA36F069-2A63-4D83-AB5B-224AD5A1FCE6}.Ad-Hoc|iPhoneSimulator.ActiveCfg = Debug|iPhoneSimulator
		{CA36F069-2A63-4D83-AB5B-224AD5A1FCE6}.Ad-Hoc|iPhoneSimulator.Build.0 = Debug|iPhoneSimulator
		{CA36F069-2A63-4D83-AB5B-224AD5A1FCE6}.AppStore|iPhone.ActiveCfg = AppStore|iPhone
		{CA36F069-2A63-4D83-AB5B-224AD5A1FCE6}.AppStore|iPhone.Build.0 = AppStore|iPhone
		{CA36F069-2A63-4D83-AB5B-224AD5A1FCE6}.AppStore|iPhoneSimulator.ActiveCfg = Debug|iPhoneSimulator
		{CA36F069-2A63-4D83-AB5B-224AD5A1FCE6}.AppStore|iPhoneSimulator.Build.0 = Debug|iPhoneSimulator
		{CA36F069-2A63-4D83-AB5B-224AD5A1FCE6}.Debug|iPhone.ActiveCfg = Debug|iPhone
		{CA36F069-2A63-4D83-AB5B-224AD5A1FCE6}.Debug|iPhone.Build.0 = Debug|iPhone
		{CA36F069-2A63-4D83-AB5B-224AD5A1FCE6}.Debug|iPhoneSimulator.ActiveCfg = Debug|iPhoneSimulator
		{CA36F069-2A63-4D83-AB5B-224AD5A1FCE6}.Debug|iPhoneSimulator.Build.0 = Debug|iPhoneSimulator
		{CA36F069-2A63-4D83-AB5B-224AD5A1FCE6}.Debug|iPhoneSimulator.Deploy.0 = Debug|iPhoneSimulator
		{CA36F069-2A63-4D83-AB5B-224AD5A1FCE6}.Release|iPhone.ActiveCfg = Release|iPhone
		{CA36F069-2A63-4D83-AB5B-224AD5A1FCE6}.Release|iPhone.Build.0 = Release|iPhone
		{CA36F069-2A63-4D83-AB5B-224AD5A1FCE6}.Release|iPhoneSimulator.ActiveCfg = Release|iPhoneSimulator
		{CA36F069-2A63-4D83-AB5B-224AD5A1FCE6}.Release|iPhoneSimulator.Build.0 = Release|iPhoneSimulator
	EndGlobalSection
	GlobalSection(MonoDevelopProperties) = preSolution
		Policies = $0
		$0.DotNetNamingPolicy = $1
		$1.DirectoryNamespaceAssociation = PrefixedHierarchical
		$1.ResourceNamePolicy = FileFormatDefault
		$0.TextStylePolicy = $2
		$2.inheritsSet = VisualStudio
		$2.inheritsScope = text/plain
		$2.scope = text/x-csharp
		$0.CSharpFormattingPolicy = $3
		$3.IndentSwitchBody = True
		$3.IndentBlocksInsideExpressions = True
		$3.AnonymousMethodBraceStyle = NextLine
		$3.PropertyBraceStyle = NextLine
		$3.PropertyGetBraceStyle = NextLine
		$3.PropertySetBraceStyle = NextLine
		$3.EventBraceStyle = NextLine
		$3.EventAddBraceStyle = NextLine
		$3.EventRemoveBraceStyle = NextLine
		$3.StatementBraceStyle = NextLine
		$3.ElseNewLinePlacement = NewLine
		$3.CatchNewLinePlacement = NewLine
		$3.FinallyNewLinePlacement = NewLine
		$3.WhileNewLinePlacement = DoNotCare
		$3.ArrayInitializerWrapping = DoNotChange
		$3.ArrayInitializerBraceStyle = NextLine
		$3.BeforeMethodDeclarationParentheses = False
		$3.BeforeMethodCallParentheses = False
		$3.BeforeConstructorDeclarationParentheses = False
		$3.NewLineBeforeConstructorInitializerColon = NewLine
		$3.NewLineAfterConstructorInitializerColon = SameLine
		$3.BeforeDelegateDeclarationParentheses = False
		$3.NewParentheses = False
		$3.SpacesBeforeBrackets = False
		$3.inheritsSet = Mono
		$3.inheritsScope = text/x-csharp
		$3.scope = text/x-csharp
	EndGlobalSection
	GlobalSection(SolutionProperties) = preSolution
		HideSolutionNode = FALSE
	EndGlobalSection
EndGlobal
